// !$*UTF8*$!
{
	archiveVersion = 1;
	classes = {
	};
	objectVersion = 56;
	objects = {

/* Begin PBXBuildFile section */
		92B2F6492AACCC7300CBFB38 /* TransactionRow.swift in Sources */ = {isa = PBXBuildFile; fileRef = 92B2F6482AACCC7300CBFB38 /* TransactionRow.swift */; };
		92E6C8072AA9022400FF8579 /* FinanceTrackrApp.swift in Sources */ = {isa = PBXBuildFile; fileRef = 92E6C8062AA9022400FF8579 /* FinanceTrackrApp.swift */; };
		92E6C8092AA9022400FF8579 /* ContentView.swift in Sources */ = {isa = PBXBuildFile; fileRef = 92E6C8082AA9022400FF8579 /* ContentView.swift */; };
		92E6C80B2AA9022500FF8579 /* Assets.xcassets in Resources */ = {isa = PBXBuildFile; fileRef = 92E6C80A2AA9022500FF8579 /* Assets.xcassets */; };
		92E6C80E2AA9022500FF8579 /* Preview Assets.xcassets in Resources */ = {isa = PBXBuildFile; fileRef = 92E6C80D2AA9022500FF8579 /* Preview Assets.xcassets */; };
		92E6C8192AA902D600FF8579 /* FileManager-DocumentsDirectory.swift in Sources */ = {isa = PBXBuildFile; fileRef = 92E6C8182AA902D600FF8579 /* FileManager-DocumentsDirectory.swift */; };
		92E6C81B2AA9030800FF8579 /* Transaction.swift in Sources */ = {isa = PBXBuildFile; fileRef = 92E6C81A2AA9030800FF8579 /* Transaction.swift */; };
		92E6C81F2AA904D000FF8579 /* ViewModel-ContentView.swift in Sources */ = {isa = PBXBuildFile; fileRef = 92E6C81E2AA904D000FF8579 /* ViewModel-ContentView.swift */; };
		92E6C8252AA909C600FF8579 /* DashboardView.swift in Sources */ = {isa = PBXBuildFile; fileRef = 92E6C8242AA909C600FF8579 /* DashboardView.swift */; };
		92E6C8272AA909CB00FF8579 /* SettingsView.swift in Sources */ = {isa = PBXBuildFile; fileRef = 92E6C8262AA909CB00FF8579 /* SettingsView.swift */; };
		92E6C8292AA90AAE00FF8579 /* AddTransactionView.swift in Sources */ = {isa = PBXBuildFile; fileRef = 92E6C8282AA90AAE00FF8579 /* AddTransactionView.swift */; };
		92E7E67A2AB20E41003E9097 /* CardboardStyleComponent.swift in Sources */ = {isa = PBXBuildFile; fileRef = 92E7E6792AB20E41003E9097 /* CardboardStyleComponent.swift */; };
		92E7E67C2AB219F8003E9097 /* Extension-TextFieldModifier.swift in Sources */ = {isa = PBXBuildFile; fileRef = 92E7E67B2AB219F8003E9097 /* Extension-TextFieldModifier.swift */; };
		92E7E67E2AB21FCD003E9097 /* TransactionDetailView.swift in Sources */ = {isa = PBXBuildFile; fileRef = 92E7E67D2AB21FCD003E9097 /* TransactionDetailView.swift */; };
		92F3D4282AB0B643007B7D49 /* TagStyleComponent.swift in Sources */ = {isa = PBXBuildFile; fileRef = 92F3D4272AB0B643007B7D49 /* TagStyleComponent.swift */; };
/* End PBXBuildFile section */

/* Begin PBXFileReference section */
		92B2F6482AACCC7300CBFB38 /* TransactionRow.swift */ = {isa = PBXFileReference; lastKnownFileType = sourcecode.swift; path = TransactionRow.swift; sourceTree = "<group>"; };
		92E6C8032AA9022400FF8579 /* FinanceTrackr.app */ = {isa = PBXFileReference; explicitFileType = wrapper.application; includeInIndex = 0; path = FinanceTrackr.app; sourceTree = BUILT_PRODUCTS_DIR; };
		92E6C8062AA9022400FF8579 /* FinanceTrackrApp.swift */ = {isa = PBXFileReference; lastKnownFileType = sourcecode.swift; path = FinanceTrackrApp.swift; sourceTree = "<group>"; };
		92E6C8082AA9022400FF8579 /* ContentView.swift */ = {isa = PBXFileReference; lastKnownFileType = sourcecode.swift; path = ContentView.swift; sourceTree = "<group>"; };
		92E6C80A2AA9022500FF8579 /* Assets.xcassets */ = {isa = PBXFileReference; lastKnownFileType = folder.assetcatalog; path = Assets.xcassets; sourceTree = "<group>"; };
		92E6C80D2AA9022500FF8579 /* Preview Assets.xcassets */ = {isa = PBXFileReference; lastKnownFileType = folder.assetcatalog; path = "Preview Assets.xcassets"; sourceTree = "<group>"; };
		92E6C8182AA902D600FF8579 /* FileManager-DocumentsDirectory.swift */ = {isa = PBXFileReference; lastKnownFileType = sourcecode.swift; path = "FileManager-DocumentsDirectory.swift"; sourceTree = "<group>"; };
		92E6C81A2AA9030800FF8579 /* Transaction.swift */ = {isa = PBXFileReference; lastKnownFileType = sourcecode.swift; path = Transaction.swift; sourceTree = "<group>"; };
		92E6C81E2AA904D000FF8579 /* ViewModel-ContentView.swift */ = {isa = PBXFileReference; lastKnownFileType = sourcecode.swift; path = "ViewModel-ContentView.swift"; sourceTree = "<group>"; };
		92E6C8242AA909C600FF8579 /* DashboardView.swift */ = {isa = PBXFileReference; lastKnownFileType = sourcecode.swift; path = DashboardView.swift; sourceTree = "<group>"; };
		92E6C8262AA909CB00FF8579 /* SettingsView.swift */ = {isa = PBXFileReference; lastKnownFileType = sourcecode.swift; path = SettingsView.swift; sourceTree = "<group>"; };
		92E6C8282AA90AAE00FF8579 /* AddTransactionView.swift */ = {isa = PBXFileReference; lastKnownFileType = sourcecode.swift; path = AddTransactionView.swift; sourceTree = "<group>"; };
		92E7E6792AB20E41003E9097 /* CardboardStyleComponent.swift */ = {isa = PBXFileReference; lastKnownFileType = sourcecode.swift; path = CardboardStyleComponent.swift; sourceTree = "<group>"; };
		92E7E67B2AB219F8003E9097 /* Extension-TextFieldModifier.swift */ = {isa = PBXFileReference; lastKnownFileType = sourcecode.swift; path = "Extension-TextFieldModifier.swift"; sourceTree = "<group>"; };
		92E7E67D2AB21FCD003E9097 /* TransactionDetailView.swift */ = {isa = PBXFileReference; lastKnownFileType = sourcecode.swift; path = TransactionDetailView.swift; sourceTree = "<group>"; };
		92F3D4272AB0B643007B7D49 /* TagStyleComponent.swift */ = {isa = PBXFileReference; lastKnownFileType = sourcecode.swift; path = TagStyleComponent.swift; sourceTree = "<group>"; };
/* End PBXFileReference section */

/* Begin PBXFrameworksBuildPhase section */
		92E6C8002AA9022400FF8579 /* Frameworks */ = {
			isa = PBXFrameworksBuildPhase;
			buildActionMask = 2147483647;
			files = (
			);
			runOnlyForDeploymentPostprocessing = 0;
		};
/* End PBXFrameworksBuildPhase section */

/* Begin PBXGroup section */
		92E6C7FA2AA9022400FF8579 = {
			isa = PBXGroup;
			children = (
				92E6C8052AA9022400FF8579 /* FinanceTrackr */,
				92E6C8042AA9022400FF8579 /* Products */,
			);
			sourceTree = "<group>";
		};
		92E6C8042AA9022400FF8579 /* Products */ = {
			isa = PBXGroup;
			children = (
				92E6C8032AA9022400FF8579 /* FinanceTrackr.app */,
			);
			name = Products;
			sourceTree = "<group>";
		};
		92E6C8052AA9022400FF8579 /* FinanceTrackr */ = {
			isa = PBXGroup;
			children = (
				92E6C8172AA9028700FF8579 /* Controller */,
				92E6C8162AA9027E00FF8579 /* Model */,
				92E6C8152AA9027300FF8579 /* ViewModel */,
				92E6C8142AA9026600FF8579 /* View */,
				92E6C80A2AA9022500FF8579 /* Assets.xcassets */,
				92E6C80C2AA9022500FF8579 /* Preview Content */,
			);
			path = FinanceTrackr;
			sourceTree = "<group>";
		};
		92E6C80C2AA9022500FF8579 /* Preview Content */ = {
			isa = PBXGroup;
			children = (
				92E6C80D2AA9022500FF8579 /* Preview Assets.xcassets */,
			);
			path = "Preview Content";
			sourceTree = "<group>";
		};
		92E6C8142AA9026600FF8579 /* View */ = {
			isa = PBXGroup;
			children = (
				92F3D4262AB0B619007B7D49 /* Components */,
				92E6C8082AA9022400FF8579 /* ContentView.swift */,
				92E6C8242AA909C600FF8579 /* DashboardView.swift */,
				92E6C8262AA909CB00FF8579 /* SettingsView.swift */,
				92E6C8282AA90AAE00FF8579 /* AddTransactionView.swift */,
				92E7E67D2AB21FCD003E9097 /* TransactionDetailView.swift */,
				92B2F6482AACCC7300CBFB38 /* TransactionRow.swift */,
			);
			path = View;
			sourceTree = "<group>";
		};
		92E6C8152AA9027300FF8579 /* ViewModel */ = {
			isa = PBXGroup;
			children = (
				92E6C81E2AA904D000FF8579 /* ViewModel-ContentView.swift */,
			);
			path = ViewModel;
			sourceTree = "<group>";
		};
		92E6C8162AA9027E00FF8579 /* Model */ = {
			isa = PBXGroup;
			children = (
				92E6C81A2AA9030800FF8579 /* Transaction.swift */,
			);
			path = Model;
			sourceTree = "<group>";
		};
		92E6C8172AA9028700FF8579 /* Controller */ = {
			isa = PBXGroup;
			children = (
				92E6C8182AA902D600FF8579 /* FileManager-DocumentsDirectory.swift */,
				92E6C8062AA9022400FF8579 /* FinanceTrackrApp.swift */,
				92E7E67B2AB219F8003E9097 /* Extension-TextFieldModifier.swift */,
			);
			path = Controller;
			sourceTree = "<group>";
		};
		92F3D4262AB0B619007B7D49 /* Components */ = {
			isa = PBXGroup;
			children = (
				92F3D4272AB0B643007B7D49 /* TagStyleComponent.swift */,
				92E7E6792AB20E41003E9097 /* CardboardStyleComponent.swift */,
			);
			path = Components;
			sourceTree = "<group>";
		};
/* End PBXGroup section */

/* Begin PBXNativeTarget section */
		92E6C8022AA9022400FF8579 /* FinanceTrackr */ = {
			isa = PBXNativeTarget;
			buildConfigurationList = 92E6C8112AA9022500FF8579 /* Build configuration list for PBXNativeTarget "FinanceTrackr" */;
			buildPhases = (
				92E6C7FF2AA9022400FF8579 /* Sources */,
				92E6C8002AA9022400FF8579 /* Frameworks */,
				92E6C8012AA9022400FF8579 /* Resources */,
			);
			buildRules = (
			);
			dependencies = (
			);
			name = FinanceTrackr;
			productName = FinanceTrackr;
			productReference = 92E6C8032AA9022400FF8579 /* FinanceTrackr.app */;
			productType = "com.apple.product-type.application";
		};
/* End PBXNativeTarget section */

/* Begin PBXProject section */
		92E6C7FB2AA9022400FF8579 /* Project object */ = {
			isa = PBXProject;
			attributes = {
				BuildIndependentTargetsInParallel = 1;
				LastSwiftUpdateCheck = 1430;
				LastUpgradeCheck = 1430;
				TargetAttributes = {
					92E6C8022AA9022400FF8579 = {
						CreatedOnToolsVersion = 14.3.1;
					};
				};
			};
			buildConfigurationList = 92E6C7FE2AA9022400FF8579 /* Build configuration list for PBXProject "FinanceTrackr" */;
			compatibilityVersion = "Xcode 14.0";
			developmentRegion = en;
			hasScannedForEncodings = 0;
			knownRegions = (
				en,
				Base,
			);
			mainGroup = 92E6C7FA2AA9022400FF8579;
			productRefGroup = 92E6C8042AA9022400FF8579 /* Products */;
			projectDirPath = "";
			projectRoot = "";
			targets = (
				92E6C8022AA9022400FF8579 /* FinanceTrackr */,
			);
		};
/* End PBXProject section */

/* Begin PBXResourcesBuildPhase section */
		92E6C8012AA9022400FF8579 /* Resources */ = {
			isa = PBXResourcesBuildPhase;
			buildActionMask = 2147483647;
			files = (
				92E6C80E2AA9022500FF8579 /* Preview Assets.xcassets in Resources */,
				92E6C80B2AA9022500FF8579 /* Assets.xcassets in Resources */,
			);
			runOnlyForDeploymentPostprocessing = 0;
		};
/* End PBXResourcesBuildPhase section */

/* Begin PBXSourcesBuildPhase section */
		92E6C7FF2AA9022400FF8579 /* Sources */ = {
			isa = PBXSourcesBuildPhase;
			buildActionMask = 2147483647;
			files = (
				92F3D4282AB0B643007B7D49 /* TagStyleComponent.swift in Sources */,
				92E6C8252AA909C600FF8579 /* DashboardView.swift in Sources */,
				92E6C8272AA909CB00FF8579 /* SettingsView.swift in Sources */,
				92E6C81B2AA9030800FF8579 /* Transaction.swift in Sources */,
				92E6C8192AA902D600FF8579 /* FileManager-DocumentsDirectory.swift in Sources */,
				92E6C8092AA9022400FF8579 /* ContentView.swift in Sources */,
				92E6C8292AA90AAE00FF8579 /* AddTransactionView.swift in Sources */,
				92E7E67A2AB20E41003E9097 /* CardboardStyleComponent.swift in Sources */,
				92E6C8072AA9022400FF8579 /* FinanceTrackrApp.swift in Sources */,
				92B2F6492AACCC7300CBFB38 /* TransactionRow.swift in Sources */,
				92E7E67E2AB21FCD003E9097 /* TransactionDetailView.swift in Sources */,
				92E7E67C2AB219F8003E9097 /* Extension-TextFieldModifier.swift in Sources */,
				92E6C81F2AA904D000FF8579 /* ViewModel-ContentView.swift in Sources */,
			);
			runOnlyForDeploymentPostprocessing = 0;
		};
/* End PBXSourcesBuildPhase section */

/* Begin XCBuildConfiguration section */
		92E6C80F2AA9022500FF8579 /* Debug */ = {
			isa = XCBuildConfiguration;
			buildSettings = {
				ALWAYS_SEARCH_USER_PATHS = NO;
				CLANG_ANALYZER_NONNULL = YES;
				CLANG_ANALYZER_NUMBER_OBJECT_CONVERSION = YES_AGGRESSIVE;
				CLANG_CXX_LANGUAGE_STANDARD = "gnu++20";
				CLANG_ENABLE_MODULES = YES;
				CLANG_ENABLE_OBJC_ARC = YES;
				CLANG_ENABLE_OBJC_WEAK = YES;
				CLANG_WARN_BLOCK_CAPTURE_AUTORELEASING = YES;
				CLANG_WARN_BOOL_CONVERSION = YES;
				CLANG_WARN_COMMA = YES;
				CLANG_WARN_CONSTANT_CONVERSION = YES;
				CLANG_WARN_DEPRECATED_OBJC_IMPLEMENTATIONS = YES;
				CLANG_WARN_DIRECT_OBJC_ISA_USAGE = YES_ERROR;
				CLANG_WARN_DOCUMENTATION_COMMENTS = YES;
				CLANG_WARN_EMPTY_BODY = YES;
				CLANG_WARN_ENUM_CONVERSION = YES;
				CLANG_WARN_INFINITE_RECURSION = YES;
				CLANG_WARN_INT_CONVERSION = YES;
				CLANG_WARN_NON_LITERAL_NULL_CONVERSION = YES;
				CLANG_WARN_OBJC_IMPLICIT_RETAIN_SELF = YES;
				CLANG_WARN_OBJC_LITERAL_CONVERSION = YES;
				CLANG_WARN_OBJC_ROOT_CLASS = YES_ERROR;
				CLANG_WARN_QUOTED_INCLUDE_IN_FRAMEWORK_HEADER = YES;
				CLANG_WARN_RANGE_LOOP_ANALYSIS = YES;
				CLANG_WARN_STRICT_PROTOTYPES = YES;
				CLANG_WARN_SUSPICIOUS_MOVE = YES;
				CLANG_WARN_UNGUARDED_AVAILABILITY = YES_AGGRESSIVE;
				CLANG_WARN_UNREACHABLE_CODE = YES;
				CLANG_WARN__DUPLICATE_METHOD_MATCH = YES;
				COPY_PHASE_STRIP = NO;
				DEBUG_INFORMATION_FORMAT = dwarf;
				ENABLE_STRICT_OBJC_MSGSEND = YES;
				ENABLE_TESTABILITY = YES;
				GCC_C_LANGUAGE_STANDARD = gnu11;
				GCC_DYNAMIC_NO_PIC = NO;
				GCC_NO_COMMON_BLOCKS = YES;
				GCC_OPTIMIZATION_LEVEL = 0;
				GCC_PREPROCESSOR_DEFINITIONS = (
					"DEBUG=1",
					"$(inherited)",
				);
				GCC_WARN_64_TO_32_BIT_CONVERSION = YES;
				GCC_WARN_ABOUT_RETURN_TYPE = YES_ERROR;
				GCC_WARN_UNDECLARED_SELECTOR = YES;
				GCC_WARN_UNINITIALIZED_AUTOS = YES_AGGRESSIVE;
				GCC_WARN_UNUSED_FUNCTION = YES;
				GCC_WARN_UNUSED_VARIABLE = YES;
				IPHONEOS_DEPLOYMENT_TARGET = 16.4;
				MTL_ENABLE_DEBUG_INFO = INCLUDE_SOURCE;
				MTL_FAST_MATH = YES;
				ONLY_ACTIVE_ARCH = YES;
				SDKROOT = iphoneos;
				SWIFT_ACTIVE_COMPILATION_CONDITIONS = DEBUG;
				SWIFT_OPTIMIZATION_LEVEL = "-Onone";
			};
			name = Debug;
		};
		92E6C8102AA9022500FF8579 /* Release */ = {
			isa = XCBuildConfiguration;
			buildSettings = {
				ALWAYS_SEARCH_USER_PATHS = NO;
				CLANG_ANALYZER_NONNULL = YES;
				CLANG_ANALYZER_NUMBER_OBJECT_CONVERSION = YES_AGGRESSIVE;
				CLANG_CXX_LANGUAGE_STANDARD = "gnu++20";
				CLANG_ENABLE_MODULES = YES;
				CLANG_ENABLE_OBJC_ARC = YES;
				CLANG_ENABLE_OBJC_WEAK = YES;
				CLANG_WARN_BLOCK_CAPTURE_AUTORELEASING = YES;
				CLANG_WARN_BOOL_CONVERSION = YES;
				CLANG_WARN_COMMA = YES;
				CLANG_WARN_CONSTANT_CONVERSION = YES;
				CLANG_WARN_DEPRECATED_OBJC_IMPLEMENTATIONS = YES;
				CLANG_WARN_DIRECT_OBJC_ISA_USAGE = YES_ERROR;
				CLANG_WARN_DOCUMENTATION_COMMENTS = YES;
				CLANG_WARN_EMPTY_BODY = YES;
				CLANG_WARN_ENUM_CONVERSION = YES;
				CLANG_WARN_INFINITE_RECURSION = YES;
				CLANG_WARN_INT_CONVERSION = YES;
				CLANG_WARN_NON_LITERAL_NULL_CONVERSION = YES;
				CLANG_WARN_OBJC_IMPLICIT_RETAIN_SELF = YES;
				CLANG_WARN_OBJC_LITERAL_CONVERSION = YES;
				CLANG_WARN_OBJC_ROOT_CLASS = YES_ERROR;
				CLANG_WARN_QUOTED_INCLUDE_IN_FRAMEWORK_HEADER = YES;
				CLANG_WARN_RANGE_LOOP_ANALYSIS = YES;
				CLANG_WARN_STRICT_PROTOTYPES = YES;
				CLANG_WARN_SUSPICIOUS_MOVE = YES;
				CLANG_WARN_UNGUARDED_AVAILABILITY = YES_AGGRESSIVE;
				CLANG_WARN_UNREACHABLE_CODE = YES;
				CLANG_WARN__DUPLICATE_METHOD_MATCH = YES;
				COPY_PHASE_STRIP = NO;
				DEBUG_INFORMATION_FORMAT = "dwarf-with-dsym";
				ENABLE_NS_ASSERTIONS = NO;
				ENABLE_STRICT_OBJC_MSGSEND = YES;
				GCC_C_LANGUAGE_STANDARD = gnu11;
				GCC_NO_COMMON_BLOCKS = YES;
				GCC_WARN_64_TO_32_BIT_CONVERSION = YES;
				GCC_WARN_ABOUT_RETURN_TYPE = YES_ERROR;
				GCC_WARN_UNDECLARED_SELECTOR = YES;
				GCC_WARN_UNINITIALIZED_AUTOS = YES_AGGRESSIVE;
				GCC_WARN_UNUSED_FUNCTION = YES;
				GCC_WARN_UNUSED_VARIABLE = YES;
				IPHONEOS_DEPLOYMENT_TARGET = 16.4;
				MTL_ENABLE_DEBUG_INFO = NO;
				MTL_FAST_MATH = YES;
				SDKROOT = iphoneos;
				SWIFT_COMPILATION_MODE = wholemodule;
				SWIFT_OPTIMIZATION_LEVEL = "-O";
				VALIDATE_PRODUCT = YES;
			};
			name = Release;
		};
		92E6C8122AA9022500FF8579 /* Debug */ = {
			isa = XCBuildConfiguration;
			buildSettings = {
				ASSETCATALOG_COMPILER_APPICON_NAME = AppIcon;
				ASSETCATALOG_COMPILER_GLOBAL_ACCENT_COLOR_NAME = AccentColor;
				CODE_SIGN_STYLE = Automatic;
				CURRENT_PROJECT_VERSION = 1;
				DEVELOPMENT_ASSET_PATHS = "\"FinanceTrackr/Preview Content\"";
				DEVELOPMENT_TEAM = 2VP2J2SZVR;
				ENABLE_PREVIEWS = YES;
				GENERATE_INFOPLIST_FILE = YES;
				INFOPLIST_KEY_UIApplicationSceneManifest_Generation = YES;
				INFOPLIST_KEY_UIApplicationSupportsIndirectInputEvents = YES;
				INFOPLIST_KEY_UILaunchScreen_Generation = YES;
				INFOPLIST_KEY_UISupportedInterfaceOrientations_iPad = "UIInterfaceOrientationPortrait UIInterfaceOrientationPortraitUpsideDown UIInterfaceOrientationLandscapeLeft UIInterfaceOrientationLandscapeRight";
				INFOPLIST_KEY_UISupportedInterfaceOrientations_iPhone = "UIInterfaceOrientationPortrait UIInterfaceOrientationLandscapeLeft UIInterfaceOrientationLandscapeRight";
				LD_RUNPATH_SEARCH_PATHS = (
					"$(inherited)",
					"@executable_path/Frameworks",
				);
				MARKETING_VERSION = 1.0;
				PRODUCT_BUNDLE_IDENTIFIER = carolanelfbv.FinanceTrackr;
				PRODUCT_NAME = "$(TARGET_NAME)";
				SWIFT_EMIT_LOC_STRINGS = YES;
				SWIFT_VERSION = 5.0;
				TARGETED_DEVICE_FAMILY = "1,2";
			};
			name = Debug;
		};
		92E6C8132AA9022500FF8579 /* Release */ = {
			isa = XCBuildConfiguration;
			buildSettings = {
				ASSETCATALOG_COMPILER_APPICON_NAME = AppIcon;
				ASSETCATALOG_COMPILER_GLOBAL_ACCENT_COLOR_NAME = AccentColor;
				CODE_SIGN_STYLE = Automatic;
				CURRENT_PROJECT_VERSION = 1;
				DEVELOPMENT_ASSET_PATHS = "\"FinanceTrackr/Preview Content\"";
				DEVELOPMENT_TEAM = 2VP2J2SZVR;
				ENABLE_PREVIEWS = YES;
				GENERATE_INFOPLIST_FILE = YES;
				INFOPLIST_KEY_UIApplicationSceneManifest_Generation = YES;
				INFOPLIST_KEY_UIApplicationSupportsIndirectInputEvents = YES;
				INFOPLIST_KEY_UILaunchScreen_Generation = YES;
				INFOPLIST_KEY_UISupportedInterfaceOrientations_iPad = "UIInterfaceOrientationPortrait UIInterfaceOrientationPortraitUpsideDown UIInterfaceOrientationLandscapeLeft UIInterfaceOrientationLandscapeRight";
				INFOPLIST_KEY_UISupportedInterfaceOrientations_iPhone = "UIInterfaceOrientationPortrait UIInterfaceOrientationLandscapeLeft UIInterfaceOrientationLandscapeRight";
				LD_RUNPATH_SEARCH_PATHS = (
					"$(inherited)",
					"@executable_path/Frameworks",
				);
				MARKETING_VERSION = 1.0;
				PRODUCT_BUNDLE_IDENTIFIER = carolanelfbv.FinanceTrackr;
				PRODUCT_NAME = "$(TARGET_NAME)";
				SWIFT_EMIT_LOC_STRINGS = YES;
				SWIFT_VERSION = 5.0;
				TARGETED_DEVICE_FAMILY = "1,2";
			};
			name = Release;
		};
/* End XCBuildConfiguration section */

/* Begin XCConfigurationList section */
		92E6C7FE2AA9022400FF8579 /* Build configuration list for PBXProject "FinanceTrackr" */ = {
			isa = XCConfigurationList;
			buildConfigurations = (
				92E6C80F2AA9022500FF8579 /* Debug */,
				92E6C8102AA9022500FF8579 /* Release */,
			);
			defaultConfigurationIsVisible = 0;
			defaultConfigurationName = Release;
		};
		92E6C8112AA9022500FF8579 /* Build configuration list for PBXNativeTarget "FinanceTrackr" */ = {
			isa = XCConfigurationList;
			buildConfigurations = (
				92E6C8122AA9022500FF8579 /* Debug */,
				92E6C8132AA9022500FF8579 /* Release */,
			);
			defaultConfigurationIsVisible = 0;
			defaultConfigurationName = Release;
		};
/* End XCConfigurationList section */
	};
	rootObject = 92E6C7FB2AA9022400FF8579 /* Project object */;
}
